{
  "name": "mooveit-challenge-memcached",
  "version": "1.0.0",
  "lockfileVersion": 1,
  "requires": true,
  "dependencies": {
    "biguint-format": {
      "version": "1.0.2",
      "resolved": "https://registry.npmjs.org/biguint-format/-/biguint-format-1.0.2.tgz",
      "integrity": "sha512-A9/8NoHnszWRAp4WCrgwe70wMd0FVDB3pXTdKs78z3pgwHRhc/BGU3uO7Wmfp9ueWD5WpmncL1OpypGnvc1R3w=="
    }
  }
}
